// !$*UTF8*$!
{
	archiveVersion = 1;
	classes = {
	};
	objectVersion = 56;
	objects = {

/* Begin PBXBuildFile section */
		C3320D83292D1877002A32AA /* AppDelegate.swift in Sources */ = {isa = PBXBuildFile; fileRef = C3320D82292D1877002A32AA /* AppDelegate.swift */; };
		C3320D85292D1877002A32AA /* SceneDelegate.swift in Sources */ = {isa = PBXBuildFile; fileRef = C3320D84292D1877002A32AA /* SceneDelegate.swift */; };
		C3320D8A292D1877002A32AA /* Main.storyboard in Resources */ = {isa = PBXBuildFile; fileRef = C3320D88292D1877002A32AA /* Main.storyboard */; };
		C3320D8C292D1878002A32AA /* Assets.xcassets in Resources */ = {isa = PBXBuildFile; fileRef = C3320D8B292D1878002A32AA /* Assets.xcassets */; };
		C3320D8F292D1878002A32AA /* LaunchScreen.storyboard in Resources */ = {isa = PBXBuildFile; fileRef = C3320D8D292D1878002A32AA /* LaunchScreen.storyboard */; };
		C3320D9C292D216A002A32AA /* BaseViewController.swift in Sources */ = {isa = PBXBuildFile; fileRef = C3320D9B292D216A002A32AA /* BaseViewController.swift */; };
		C3320D9F292D21A7002A32AA /* MaterialActivityIndicator in Frameworks */ = {isa = PBXBuildFile; productRef = C3320D9E292D21A7002A32AA /* MaterialActivityIndicator */; };
		C3320DA2292D21C1002A32AA /* SwiftAlertView in Frameworks */ = {isa = PBXBuildFile; productRef = C3320DA1292D21C1002A32AA /* SwiftAlertView */; };
		C3320DA4292D275E002A32AA /* Client.swift in Sources */ = {isa = PBXBuildFile; fileRef = C3320DA3292D275E002A32AA /* Client.swift */; };
		C3320DA8292D2A74002A32AA /* CharacterModel.swift in Sources */ = {isa = PBXBuildFile; fileRef = C3320DA7292D2A74002A32AA /* CharacterModel.swift */; };
		C3320DAA292D32C0002A32AA /* CharactersCollectionViewController.swift in Sources */ = {isa = PBXBuildFile; fileRef = C3320DA9292D32C0002A32AA /* CharactersCollectionViewController.swift */; };
		C3320DAE292D4A25002A32AA /* CharacterQuoteModel.swift in Sources */ = {isa = PBXBuildFile; fileRef = C3320DAD292D4A25002A32AA /* CharacterQuoteModel.swift */; };
		C3320DB0292D4CBA002A32AA /* EpisodeModel.swift in Sources */ = {isa = PBXBuildFile; fileRef = C3320DAF292D4CBA002A32AA /* EpisodeModel.swift */; };
		C3320DB2292D4FFA002A32AA /* EpisodeListViewController.swift in Sources */ = {isa = PBXBuildFile; fileRef = C3320DB1292D4FFA002A32AA /* EpisodeListViewController.swift */; };
		C3320DB4292D504D002A32AA /* IMDBPageViewController.swift in Sources */ = {isa = PBXBuildFile; fileRef = C3320DB3292D504D002A32AA /* IMDBPageViewController.swift */; };
/* End PBXBuildFile section */

/* Begin PBXFileReference section */
		C3320D7F292D1877002A32AA /* BreakingBad.app */ = {isa = PBXFileReference; explicitFileType = wrapper.application; includeInIndex = 0; path = BreakingBad.app; sourceTree = BUILT_PRODUCTS_DIR; };
		C3320D82292D1877002A32AA /* AppDelegate.swift */ = {isa = PBXFileReference; lastKnownFileType = sourcecode.swift; path = AppDelegate.swift; sourceTree = "<group>"; };
		C3320D84292D1877002A32AA /* SceneDelegate.swift */ = {isa = PBXFileReference; lastKnownFileType = sourcecode.swift; path = SceneDelegate.swift; sourceTree = "<group>"; };
		C3320D89292D1877002A32AA /* Base */ = {isa = PBXFileReference; lastKnownFileType = file.storyboard; name = Base; path = Base.lproj/Main.storyboard; sourceTree = "<group>"; };
		C3320D8B292D1878002A32AA /* Assets.xcassets */ = {isa = PBXFileReference; lastKnownFileType = folder.assetcatalog; path = Assets.xcassets; sourceTree = "<group>"; };
		C3320D8E292D1878002A32AA /* Base */ = {isa = PBXFileReference; lastKnownFileType = file.storyboard; name = Base; path = Base.lproj/LaunchScreen.storyboard; sourceTree = "<group>"; };
		C3320D90292D1878002A32AA /* Info.plist */ = {isa = PBXFileReference; lastKnownFileType = text.plist.xml; path = Info.plist; sourceTree = "<group>"; };
		C3320D9B292D216A002A32AA /* BaseViewController.swift */ = {isa = PBXFileReference; lastKnownFileType = sourcecode.swift; path = BaseViewController.swift; sourceTree = "<group>"; };
		C3320DA3292D275E002A32AA /* Client.swift */ = {isa = PBXFileReference; lastKnownFileType = sourcecode.swift; path = Client.swift; sourceTree = "<group>"; };
		C3320DA7292D2A74002A32AA /* CharacterModel.swift */ = {isa = PBXFileReference; lastKnownFileType = sourcecode.swift; path = CharacterModel.swift; sourceTree = "<group>"; };
		C3320DA9292D32C0002A32AA /* CharactersCollectionViewController.swift */ = {isa = PBXFileReference; lastKnownFileType = sourcecode.swift; path = CharactersCollectionViewController.swift; sourceTree = "<group>"; };
		C3320DAD292D4A25002A32AA /* CharacterQuoteModel.swift */ = {isa = PBXFileReference; lastKnownFileType = sourcecode.swift; path = CharacterQuoteModel.swift; sourceTree = "<group>"; };
		C3320DAF292D4CBA002A32AA /* EpisodeModel.swift */ = {isa = PBXFileReference; lastKnownFileType = sourcecode.swift; path = EpisodeModel.swift; sourceTree = "<group>"; };
		C3320DB1292D4FFA002A32AA /* EpisodeListViewController.swift */ = {isa = PBXFileReference; lastKnownFileType = sourcecode.swift; path = EpisodeListViewController.swift; sourceTree = "<group>"; };
		C3320DB3292D504D002A32AA /* IMDBPageViewController.swift */ = {isa = PBXFileReference; lastKnownFileType = sourcecode.swift; path = IMDBPageViewController.swift; sourceTree = "<group>"; };
/* End PBXFileReference section */

/* Begin PBXFrameworksBuildPhase section */
		C3320D7C292D1877002A32AA /* Frameworks */ = {
			isa = PBXFrameworksBuildPhase;
			buildActionMask = 2147483647;
			files = (
				C3320DA2292D21C1002A32AA /* SwiftAlertView in Frameworks */,
				C3320D9F292D21A7002A32AA /* MaterialActivityIndicator in Frameworks */,
			);
			runOnlyForDeploymentPostprocessing = 0;
		};
/* End PBXFrameworksBuildPhase section */

/* Begin PBXGroup section */
		C3320D76292D1877002A32AA = {
			isa = PBXGroup;
			children = (
				C3320D81292D1877002A32AA /* BreakingBad */,
				C3320D80292D1877002A32AA /* Products */,
			);
			sourceTree = "<group>";
		};
		C3320D80292D1877002A32AA /* Products */ = {
			isa = PBXGroup;
			children = (
				C3320D7F292D1877002A32AA /* BreakingBad.app */,
			);
			name = Products;
			sourceTree = "<group>";
		};
		C3320D81292D1877002A32AA /* BreakingBad */ = {
			isa = PBXGroup;
			children = (
				C3320D96292D1B31002A32AA /* App */,
				C3320D99292D1B48002A32AA /* Service */,
				C3320D97292D1B37002A32AA /* Controllers */,
				C3320D98292D1B3F002A32AA /* Models */,
				C3320D9A292D1B50002A32AA /* Views */,
				C3320D90292D1878002A32AA /* Info.plist */,
			);
			path = BreakingBad;
			sourceTree = "<group>";
		};
		C3320D96292D1B31002A32AA /* App */ = {
			isa = PBXGroup;
			children = (
				C3320D82292D1877002A32AA /* AppDelegate.swift */,
				C3320D84292D1877002A32AA /* SceneDelegate.swift */,
				C3320D88292D1877002A32AA /* Main.storyboard */,
				C3320D8B292D1878002A32AA /* Assets.xcassets */,
				C3320D8D292D1878002A32AA /* LaunchScreen.storyboard */,
			);
			path = App;
			sourceTree = "<group>";
		};
		C3320D97292D1B37002A32AA /* Controllers */ = {
			isa = PBXGroup;
			children = (
				C3320D9B292D216A002A32AA /* BaseViewController.swift */,
				C3320DA9292D32C0002A32AA /* CharactersCollectionViewController.swift */,
				C3320DB1292D4FFA002A32AA /* EpisodeListViewController.swift */,
				C3320DB3292D504D002A32AA /* IMDBPageViewController.swift */,
			);
			path = Controllers;
			sourceTree = "<group>";
		};
		C3320D98292D1B3F002A32AA /* Models */ = {
			isa = PBXGroup;
			children = (
				C3320DB5292D519C002A32AA /* ApiModels */,
			);
			path = Models;
			sourceTree = "<group>";
		};
		C3320D99292D1B48002A32AA /* Service */ = {
			isa = PBXGroup;
			children = (
				C3320DA3292D275E002A32AA /* Client.swift */,
			);
			path = Service;
			sourceTree = "<group>";
		};
		C3320D9A292D1B50002A32AA /* Views */ = {
			isa = PBXGroup;
			children = (
			);
			path = Views;
			sourceTree = "<group>";
		};
		C3320DB5292D519C002A32AA /* ApiModels */ = {
			isa = PBXGroup;
			children = (
				C3320DA7292D2A74002A32AA /* CharacterModel.swift */,
				C3320DAD292D4A25002A32AA /* CharacterQuoteModel.swift */,
				C3320DAF292D4CBA002A32AA /* EpisodeModel.swift */,
			);
			path = ApiModels;
			sourceTree = "<group>";
		};
/* End PBXGroup section */

/* Begin PBXNativeTarget section */
		C3320D7E292D1877002A32AA /* BreakingBad */ = {
			isa = PBXNativeTarget;
			buildConfigurationList = C3320D93292D1878002A32AA /* Build configuration list for PBXNativeTarget "BreakingBad" */;
			buildPhases = (
				C3320D7B292D1877002A32AA /* Sources */,
				C3320D7C292D1877002A32AA /* Frameworks */,
				C3320D7D292D1877002A32AA /* Resources */,
			);
			buildRules = (
			);
			dependencies = (
			);
			name = BreakingBad;
			packageProductDependencies = (
				C3320D9E292D21A7002A32AA /* MaterialActivityIndicator */,
				C3320DA1292D21C1002A32AA /* SwiftAlertView */,
			);
			productName = BreakingBad;
			productReference = C3320D7F292D1877002A32AA /* BreakingBad.app */;
			productType = "com.apple.product-type.application";
		};
/* End PBXNativeTarget section */

/* Begin PBXProject section */
		C3320D77292D1877002A32AA /* Project object */ = {
			isa = PBXProject;
			attributes = {
				BuildIndependentTargetsInParallel = 1;
				LastSwiftUpdateCheck = 1410;
				LastUpgradeCheck = 1410;
				TargetAttributes = {
					C3320D7E292D1877002A32AA = {
						CreatedOnToolsVersion = 14.1;
					};
				};
			};
			buildConfigurationList = C3320D7A292D1877002A32AA /* Build configuration list for PBXProject "BreakingBad" */;
			compatibilityVersion = "Xcode 14.0";
			developmentRegion = en;
			hasScannedForEncodings = 0;
			knownRegions = (
				en,
				Base,
			);
			mainGroup = C3320D76292D1877002A32AA;
			packageReferences = (
				C3320D9D292D21A7002A32AA /* XCRemoteSwiftPackageReference "MaterialActivityIndicator" */,
				C3320DA0292D21C1002A32AA /* XCRemoteSwiftPackageReference "SwiftAlertView" */,
			);
			productRefGroup = C3320D80292D1877002A32AA /* Products */;
			projectDirPath = "";
			projectRoot = "";
			targets = (
				C3320D7E292D1877002A32AA /* BreakingBad */,
			);
		};
/* End PBXProject section */

/* Begin PBXResourcesBuildPhase section */
		C3320D7D292D1877002A32AA /* Resources */ = {
			isa = PBXResourcesBuildPhase;
			buildActionMask = 2147483647;
			files = (
				C3320D8F292D1878002A32AA /* LaunchScreen.storyboard in Resources */,
				C3320D8C292D1878002A32AA /* Assets.xcassets in Resources */,
				C3320D8A292D1877002A32AA /* Main.storyboard in Resources */,
			);
			runOnlyForDeploymentPostprocessing = 0;
		};
/* End PBXResourcesBuildPhase section */

/* Begin PBXSourcesBuildPhase section */
		C3320D7B292D1877002A32AA /* Sources */ = {
			isa = PBXSourcesBuildPhase;
			buildActionMask = 2147483647;
			files = (
				C3320DAA292D32C0002A32AA /* CharactersCollectionViewController.swift in Sources */,
				C3320DAE292D4A25002A32AA /* CharacterQuoteModel.swift in Sources */,
				C3320D83292D1877002A32AA /* AppDelegate.swift in Sources */,
				C3320D85292D1877002A32AA /* SceneDelegate.swift in Sources */,
				C3320DA4292D275E002A32AA /* Client.swift in Sources */,
				C3320DA8292D2A74002A32AA /* CharacterModel.swift in Sources */,
				C3320DB2292D4FFA002A32AA /* EpisodeListViewController.swift in Sources */,
				C3320DB4292D504D002A32AA /* IMDBPageViewController.swift in Sources */,
				C3320D9C292D216A002A32AA /* BaseViewController.swift in Sources */,
				C3320DB0292D4CBA002A32AA /* EpisodeModel.swift in Sources */,
			);
			runOnlyForDeploymentPostprocessing = 0;
		};
/* End PBXSourcesBuildPhase section */

/* Begin PBXVariantGroup section */
		C3320D88292D1877002A32AA /* Main.storyboard */ = {
			isa = PBXVariantGroup;
			children = (
				C3320D89292D1877002A32AA /* Base */,
			);
			name = Main.storyboard;
			sourceTree = "<group>";
		};
		C3320D8D292D1878002A32AA /* LaunchScreen.storyboard */ = {
			isa = PBXVariantGroup;
			children = (
				C3320D8E292D1878002A32AA /* Base */,
			);
			name = LaunchScreen.storyboard;
			sourceTree = "<group>";
		};
/* End PBXVariantGroup section */

/* Begin XCBuildConfiguration section */
		C3320D91292D1878002A32AA /* Debug */ = {
			isa = XCBuildConfiguration;
			buildSettings = {
				ALWAYS_SEARCH_USER_PATHS = NO;
				CLANG_ANALYZER_NONNULL = YES;
				CLANG_ANALYZER_NUMBER_OBJECT_CONVERSION = YES_AGGRESSIVE;
				CLANG_CXX_LANGUAGE_STANDARD = "gnu++20";
				CLANG_ENABLE_MODULES = YES;
				CLANG_ENABLE_OBJC_ARC = YES;
				CLANG_ENABLE_OBJC_WEAK = YES;
				CLANG_WARN_BLOCK_CAPTURE_AUTORELEASING = YES;
				CLANG_WARN_BOOL_CONVERSION = YES;
				CLANG_WARN_COMMA = YES;
				CLANG_WARN_CONSTANT_CONVERSION = YES;
				CLANG_WARN_DEPRECATED_OBJC_IMPLEMENTATIONS = YES;
				CLANG_WARN_DIRECT_OBJC_ISA_USAGE = YES_ERROR;
				CLANG_WARN_DOCUMENTATION_COMMENTS = YES;
				CLANG_WARN_EMPTY_BODY = YES;
				CLANG_WARN_ENUM_CONVERSION = YES;
				CLANG_WARN_INFINITE_RECURSION = YES;
				CLANG_WARN_INT_CONVERSION = YES;
				CLANG_WARN_NON_LITERAL_NULL_CONVERSION = YES;
				CLANG_WARN_OBJC_IMPLICIT_RETAIN_SELF = YES;
				CLANG_WARN_OBJC_LITERAL_CONVERSION = YES;
				CLANG_WARN_OBJC_ROOT_CLASS = YES_ERROR;
				CLANG_WARN_QUOTED_INCLUDE_IN_FRAMEWORK_HEADER = YES;
				CLANG_WARN_RANGE_LOOP_ANALYSIS = YES;
				CLANG_WARN_STRICT_PROTOTYPES = YES;
				CLANG_WARN_SUSPICIOUS_MOVE = YES;
				CLANG_WARN_UNGUARDED_AVAILABILITY = YES_AGGRESSIVE;
				CLANG_WARN_UNREACHABLE_CODE = YES;
				CLANG_WARN__DUPLICATE_METHOD_MATCH = YES;
				COPY_PHASE_STRIP = NO;
				DEBUG_INFORMATION_FORMAT = dwarf;
				ENABLE_STRICT_OBJC_MSGSEND = YES;
				ENABLE_TESTABILITY = YES;
				GCC_C_LANGUAGE_STANDARD = gnu11;
				GCC_DYNAMIC_NO_PIC = NO;
				GCC_NO_COMMON_BLOCKS = YES;
				GCC_OPTIMIZATION_LEVEL = 0;
				GCC_PREPROCESSOR_DEFINITIONS = (
					"DEBUG=1",
					"$(inherited)",
				);
				GCC_WARN_64_TO_32_BIT_CONVERSION = YES;
				GCC_WARN_ABOUT_RETURN_TYPE = YES_ERROR;
				GCC_WARN_UNDECLARED_SELECTOR = YES;
				GCC_WARN_UNINITIALIZED_AUTOS = YES_AGGRESSIVE;
				GCC_WARN_UNUSED_FUNCTION = YES;
				GCC_WARN_UNUSED_VARIABLE = YES;
				IPHONEOS_DEPLOYMENT_TARGET = 16.1;
				MTL_ENABLE_DEBUG_INFO = INCLUDE_SOURCE;
				MTL_FAST_MATH = YES;
				ONLY_ACTIVE_ARCH = YES;
				SDKROOT = iphoneos;
				SWIFT_ACTIVE_COMPILATION_CONDITIONS = DEBUG;
				SWIFT_OPTIMIZATION_LEVEL = "-Onone";
			};
			name = Debug;
		};
		C3320D92292D1878002A32AA /* Release */ = {
			isa = XCBuildConfiguration;
			buildSettings = {
				ALWAYS_SEARCH_USER_PATHS = NO;
				CLANG_ANALYZER_NONNULL = YES;
				CLANG_ANALYZER_NUMBER_OBJECT_CONVERSION = YES_AGGRESSIVE;
				CLANG_CXX_LANGUAGE_STANDARD = "gnu++20";
				CLANG_ENABLE_MODULES = YES;
				CLANG_ENABLE_OBJC_ARC = YES;
				CLANG_ENABLE_OBJC_WEAK = YES;
				CLANG_WARN_BLOCK_CAPTURE_AUTORELEASING = YES;
				CLANG_WARN_BOOL_CONVERSION = YES;
				CLANG_WARN_COMMA = YES;
				CLANG_WARN_CONSTANT_CONVERSION = YES;
				CLANG_WARN_DEPRECATED_OBJC_IMPLEMENTATIONS = YES;
				CLANG_WARN_DIRECT_OBJC_ISA_USAGE = YES_ERROR;
				CLANG_WARN_DOCUMENTATION_COMMENTS = YES;
				CLANG_WARN_EMPTY_BODY = YES;
				CLANG_WARN_ENUM_CONVERSION = YES;
				CLANG_WARN_INFINITE_RECURSION = YES;
				CLANG_WARN_INT_CONVERSION = YES;
				CLANG_WARN_NON_LITERAL_NULL_CONVERSION = YES;
				CLANG_WARN_OBJC_IMPLICIT_RETAIN_SELF = YES;
				CLANG_WARN_OBJC_LITERAL_CONVERSION = YES;
				CLANG_WARN_OBJC_ROOT_CLASS = YES_ERROR;
				CLANG_WARN_QUOTED_INCLUDE_IN_FRAMEWORK_HEADER = YES;
				CLANG_WARN_RANGE_LOOP_ANALYSIS = YES;
				CLANG_WARN_STRICT_PROTOTYPES = YES;
				CLANG_WARN_SUSPICIOUS_MOVE = YES;
				CLANG_WARN_UNGUARDED_AVAILABILITY = YES_AGGRESSIVE;
				CLANG_WARN_UNREACHABLE_CODE = YES;
				CLANG_WARN__DUPLICATE_METHOD_MATCH = YES;
				COPY_PHASE_STRIP = NO;
				DEBUG_INFORMATION_FORMAT = "dwarf-with-dsym";
				ENABLE_NS_ASSERTIONS = NO;
				ENABLE_STRICT_OBJC_MSGSEND = YES;
				GCC_C_LANGUAGE_STANDARD = gnu11;
				GCC_NO_COMMON_BLOCKS = YES;
				GCC_WARN_64_TO_32_BIT_CONVERSION = YES;
				GCC_WARN_ABOUT_RETURN_TYPE = YES_ERROR;
				GCC_WARN_UNDECLARED_SELECTOR = YES;
				GCC_WARN_UNINITIALIZED_AUTOS = YES_AGGRESSIVE;
				GCC_WARN_UNUSED_FUNCTION = YES;
				GCC_WARN_UNUSED_VARIABLE = YES;
				IPHONEOS_DEPLOYMENT_TARGET = 16.1;
				MTL_ENABLE_DEBUG_INFO = NO;
				MTL_FAST_MATH = YES;
				SDKROOT = iphoneos;
				SWIFT_COMPILATION_MODE = wholemodule;
				SWIFT_OPTIMIZATION_LEVEL = "-O";
				VALIDATE_PRODUCT = YES;
			};
			name = Release;
		};
		C3320D94292D1878002A32AA /* Debug */ = {
			isa = XCBuildConfiguration;
			buildSettings = {
				ASSETCATALOG_COMPILER_APPICON_NAME = AppIcon;
				ASSETCATALOG_COMPILER_GLOBAL_ACCENT_COLOR_NAME = AccentColor;
				CODE_SIGN_STYLE = Automatic;
				CURRENT_PROJECT_VERSION = 1;
				DEVELOPMENT_TEAM = DP7QQJ422M;
				GENERATE_INFOPLIST_FILE = YES;
				INFOPLIST_FILE = BreakingBad/Info.plist;
				INFOPLIST_KEY_UIApplicationSupportsIndirectInputEvents = YES;
				INFOPLIST_KEY_UILaunchStoryboardName = LaunchScreen;
				INFOPLIST_KEY_UIMainStoryboardFile = Main;
				INFOPLIST_KEY_UISupportedInterfaceOrientations_iPad = "UIInterfaceOrientationPortrait UIInterfaceOrientationPortraitUpsideDown UIInterfaceOrientationLandscapeLeft UIInterfaceOrientationLandscapeRight";
				INFOPLIST_KEY_UISupportedInterfaceOrientations_iPhone = "UIInterfaceOrientationPortrait UIInterfaceOrientationLandscapeLeft UIInterfaceOrientationLandscapeRight";
				LD_RUNPATH_SEARCH_PATHS = (
					"$(inherited)",
					"@executable_path/Frameworks",
				);
				MARKETING_VERSION = 1.0;
				PRODUCT_BUNDLE_IDENTIFIER = com.alihankuzucuk.BreakingBad;
				PRODUCT_NAME = "$(TARGET_NAME)";
				SWIFT_EMIT_LOC_STRINGS = YES;
				SWIFT_VERSION = 5.0;
				TARGETED_DEVICE_FAMILY = "1,2";
			};
			name = Debug;
		};
		C3320D95292D1878002A32AA /* Release */ = {
			isa = XCBuildConfiguration;
			buildSettings = {
				ASSETCATALOG_COMPILER_APPICON_NAME = AppIcon;
				ASSETCATALOG_COMPILER_GLOBAL_ACCENT_COLOR_NAME = AccentColor;
				CODE_SIGN_STYLE = Automatic;
				CURRENT_PROJECT_VERSION = 1;
				DEVELOPMENT_TEAM = DP7QQJ422M;
				GENERATE_INFOPLIST_FILE = YES;
				INFOPLIST_FILE = BreakingBad/Info.plist;
				INFOPLIST_KEY_UIApplicationSupportsIndirectInputEvents = YES;
				INFOPLIST_KEY_UILaunchStoryboardName = LaunchScreen;
				INFOPLIST_KEY_UIMainStoryboardFile = Main;
				INFOPLIST_KEY_UISupportedInterfaceOrientations_iPad = "UIInterfaceOrientationPortrait UIInterfaceOrientationPortraitUpsideDown UIInterfaceOrientationLandscapeLeft UIInterfaceOrientationLandscapeRight";
				INFOPLIST_KEY_UISupportedInterfaceOrientations_iPhone = "UIInterfaceOrientationPortrait UIInterfaceOrientationLandscapeLeft UIInterfaceOrientationLandscapeRight";
				LD_RUNPATH_SEARCH_PATHS = (
					"$(inherited)",
					"@executable_path/Frameworks",
				);
				MARKETING_VERSION = 1.0;
				PRODUCT_BUNDLE_IDENTIFIER = com.alihankuzucuk.BreakingBad;
				PRODUCT_NAME = "$(TARGET_NAME)";
				SWIFT_EMIT_LOC_STRINGS = YES;
				SWIFT_VERSION = 5.0;
				TARGETED_DEVICE_FAMILY = "1,2";
			};
			name = Release;
		};
/* End XCBuildConfiguration section */

/* Begin XCConfigurationList section */
		C3320D7A292D1877002A32AA /* Build configuration list for PBXProject "BreakingBad" */ = {
			isa = XCConfigurationList;
			buildConfigurations = (
				C3320D91292D1878002A32AA /* Debug */,
				C3320D92292D1878002A32AA /* Release */,
			);
			defaultConfigurationIsVisible = 0;
			defaultConfigurationName = Release;
		};
		C3320D93292D1878002A32AA /* Build configuration list for PBXNativeTarget "BreakingBad" */ = {
			isa = XCConfigurationList;
			buildConfigurations = (
				C3320D94292D1878002A32AA /* Debug */,
				C3320D95292D1878002A32AA /* Release */,
			);
			defaultConfigurationIsVisible = 0;
			defaultConfigurationName = Release;
		};
/* End XCConfigurationList section */

/* Begin XCRemoteSwiftPackageReference section */
		C3320D9D292D21A7002A32AA /* XCRemoteSwiftPackageReference "MaterialActivityIndicator" */ = {
			isa = XCRemoteSwiftPackageReference;
			repositoryURL = "https://github.com/nspavlo/MaterialActivityIndicator";
			requirement = {
				kind = upToNextMajorVersion;
				minimumVersion = 0.0.7;
			};
		};
		C3320DA0292D21C1002A32AA /* XCRemoteSwiftPackageReference "SwiftAlertView" */ = {
			isa = XCRemoteSwiftPackageReference;
			repositoryURL = "https://github.com/dinhquan/SwiftAlertView";
			requirement = {
				kind = upToNextMajorVersion;
				minimumVersion = 2.0.0;
			};
		};
/* End XCRemoteSwiftPackageReference section */

/* Begin XCSwiftPackageProductDependency section */
		C3320D9E292D21A7002A32AA /* MaterialActivityIndicator */ = {
			isa = XCSwiftPackageProductDependency;
			package = C3320D9D292D21A7002A32AA /* XCRemoteSwiftPackageReference "MaterialActivityIndicator" */;
			productName = MaterialActivityIndicator;
		};
		C3320DA1292D21C1002A32AA /* SwiftAlertView */ = {
			isa = XCSwiftPackageProductDependency;
			package = C3320DA0292D21C1002A32AA /* XCRemoteSwiftPackageReference "SwiftAlertView" */;
			productName = SwiftAlertView;
		};
/* End XCSwiftPackageProductDependency section */
	};
	rootObject = C3320D77292D1877002A32AA /* Project object */;
}
