// !$*UTF8*$!
{
	archiveVersion = 1;
	classes = {
	};
	objectVersion = 56;
	objects = {

/* Begin PBXBuildFile section */
		C30902282934C4AE0029B36F /* BreakingBad.xcdatamodeld in Sources */ = {isa = PBXBuildFile; fileRef = C30902262934C4AE0029B36F /* BreakingBad.xcdatamodeld */; };
		C309022B2934C5AC0029B36F /* CoreDataManager.swift in Sources */ = {isa = PBXBuildFile; fileRef = C309022A2934C5AC0029B36F /* CoreDataManager.swift */; };
		C309022E2934CED30029B36F /* NoteListViewController.swift in Sources */ = {isa = PBXBuildFile; fileRef = C309022D2934CED30029B36F /* NoteListViewController.swift */; };
		C30902302934D4E60029B36F /* AddNoteViewController.swift in Sources */ = {isa = PBXBuildFile; fileRef = C309022F2934D4E60029B36F /* AddNoteViewController.swift */; };
		C30902332934FC740029B36F /* NoteTableViewCell.swift in Sources */ = {isa = PBXBuildFile; fileRef = C30902312934FC740029B36F /* NoteTableViewCell.swift */; };
		C30902342934FC740029B36F /* NoteTableViewCell.xib in Resources */ = {isa = PBXBuildFile; fileRef = C30902322934FC740029B36F /* NoteTableViewCell.xib */; };
		C30AB88B292FB54B00E3FA36 /* EpisodeCharactersPopUpView.swift in Sources */ = {isa = PBXBuildFile; fileRef = C30AB88A292FB54B00E3FA36 /* EpisodeCharactersPopUpView.swift */; };
		C30AB88D292FB55600E3FA36 /* EpisodeCharactersPopUpView.xib in Resources */ = {isa = PBXBuildFile; fileRef = C30AB88C292FB55600E3FA36 /* EpisodeCharactersPopUpView.xib */; };
		C31D520C292E0F6C00F59801 /* CharacterTableViewCell.swift in Sources */ = {isa = PBXBuildFile; fileRef = C31D520A292E0F6C00F59801 /* CharacterTableViewCell.swift */; };
		C31D520D292E0F6C00F59801 /* CharacterTableViewCell.xib in Resources */ = {isa = PBXBuildFile; fileRef = C31D520B292E0F6C00F59801 /* CharacterTableViewCell.xib */; };
		C31D5210292E196500F59801 /* SDWebImage in Frameworks */ = {isa = PBXBuildFile; productRef = C31D520F292E196500F59801 /* SDWebImage */; };
		C31D5215292E284400F59801 /* CharacterDetailModel.swift in Sources */ = {isa = PBXBuildFile; fileRef = C31D5214292E284400F59801 /* CharacterDetailModel.swift */; };
		C329E29F292DE94300E0208B /* EpisodeModelUtility.swift in Sources */ = {isa = PBXBuildFile; fileRef = C329E29E292DE94300E0208B /* EpisodeModelUtility.swift */; };
		C329E2A1292DF8EC00E0208B /* EpisodeCharactersViewController.swift in Sources */ = {isa = PBXBuildFile; fileRef = C329E2A0292DF8EC00E0208B /* EpisodeCharactersViewController.swift */; };
		C329E2A7292E019700E0208B /* EpisodeListViewControllerProtocol.swift in Sources */ = {isa = PBXBuildFile; fileRef = C329E2A6292E019700E0208B /* EpisodeListViewControllerProtocol.swift */; };
		C3320D83292D1877002A32AA /* AppDelegate.swift in Sources */ = {isa = PBXBuildFile; fileRef = C3320D82292D1877002A32AA /* AppDelegate.swift */; };
		C3320D85292D1877002A32AA /* SceneDelegate.swift in Sources */ = {isa = PBXBuildFile; fileRef = C3320D84292D1877002A32AA /* SceneDelegate.swift */; };
		C3320D8A292D1877002A32AA /* Main.storyboard in Resources */ = {isa = PBXBuildFile; fileRef = C3320D88292D1877002A32AA /* Main.storyboard */; };
		C3320D8C292D1878002A32AA /* Assets.xcassets in Resources */ = {isa = PBXBuildFile; fileRef = C3320D8B292D1878002A32AA /* Assets.xcassets */; };
		C3320D8F292D1878002A32AA /* LaunchScreen.storyboard in Resources */ = {isa = PBXBuildFile; fileRef = C3320D8D292D1878002A32AA /* LaunchScreen.storyboard */; };
		C3320D9C292D216A002A32AA /* BaseViewController.swift in Sources */ = {isa = PBXBuildFile; fileRef = C3320D9B292D216A002A32AA /* BaseViewController.swift */; };
		C3320D9F292D21A7002A32AA /* MaterialActivityIndicator in Frameworks */ = {isa = PBXBuildFile; productRef = C3320D9E292D21A7002A32AA /* MaterialActivityIndicator */; };
		C3320DA2292D21C1002A32AA /* SwiftAlertView in Frameworks */ = {isa = PBXBuildFile; productRef = C3320DA1292D21C1002A32AA /* SwiftAlertView */; };
		C3320DA4292D275E002A32AA /* Client.swift in Sources */ = {isa = PBXBuildFile; fileRef = C3320DA3292D275E002A32AA /* Client.swift */; };
		C3320DA8292D2A74002A32AA /* CharacterModel.swift in Sources */ = {isa = PBXBuildFile; fileRef = C3320DA7292D2A74002A32AA /* CharacterModel.swift */; };
		C3320DAA292D32C0002A32AA /* CharactersCollectionViewController.swift in Sources */ = {isa = PBXBuildFile; fileRef = C3320DA9292D32C0002A32AA /* CharactersCollectionViewController.swift */; };
		C3320DAE292D4A25002A32AA /* CharacterQuoteModel.swift in Sources */ = {isa = PBXBuildFile; fileRef = C3320DAD292D4A25002A32AA /* CharacterQuoteModel.swift */; };
		C3320DB0292D4CBA002A32AA /* EpisodeModel.swift in Sources */ = {isa = PBXBuildFile; fileRef = C3320DAF292D4CBA002A32AA /* EpisodeModel.swift */; };
		C3320DB2292D4FFA002A32AA /* EpisodeListViewController.swift in Sources */ = {isa = PBXBuildFile; fileRef = C3320DB1292D4FFA002A32AA /* EpisodeListViewController.swift */; };
		C3320DB4292D504D002A32AA /* IMDBPageViewController.swift in Sources */ = {isa = PBXBuildFile; fileRef = C3320DB3292D504D002A32AA /* IMDBPageViewController.swift */; };
		C398330B292E55FD00C7C23B /* CharacterDetailViewController.swift in Sources */ = {isa = PBXBuildFile; fileRef = C398330A292E55FD00C7C23B /* CharacterDetailViewController.swift */; };
		C398330E292E727300C7C23B /* CharacterQuotesViewController.swift in Sources */ = {isa = PBXBuildFile; fileRef = C398330D292E727300C7C23B /* CharacterQuotesViewController.swift */; };
		C3E85F56292E44F60060E551 /* CharacterCollectionViewCell.swift in Sources */ = {isa = PBXBuildFile; fileRef = C3E85F55292E44F60060E551 /* CharacterCollectionViewCell.swift */; };
		C3E85F59292E4E380060E551 /* UIExtensions.swift in Sources */ = {isa = PBXBuildFile; fileRef = C3E85F58292E4E380060E551 /* UIExtensions.swift */; };
/* End PBXBuildFile section */

/* Begin PBXFileReference section */
		C30902272934C4AE0029B36F /* BreakingBad.xcdatamodel */ = {isa = PBXFileReference; lastKnownFileType = wrapper.xcdatamodel; path = BreakingBad.xcdatamodel; sourceTree = "<group>"; };
		C309022A2934C5AC0029B36F /* CoreDataManager.swift */ = {isa = PBXFileReference; lastKnownFileType = sourcecode.swift; path = CoreDataManager.swift; sourceTree = "<group>"; };
		C309022D2934CED30029B36F /* NoteListViewController.swift */ = {isa = PBXFileReference; lastKnownFileType = sourcecode.swift; path = NoteListViewController.swift; sourceTree = "<group>"; };
		C309022F2934D4E60029B36F /* AddNoteViewController.swift */ = {isa = PBXFileReference; lastKnownFileType = sourcecode.swift; path = AddNoteViewController.swift; sourceTree = "<group>"; };
		C30902312934FC740029B36F /* NoteTableViewCell.swift */ = {isa = PBXFileReference; lastKnownFileType = sourcecode.swift; path = NoteTableViewCell.swift; sourceTree = "<group>"; };
		C30902322934FC740029B36F /* NoteTableViewCell.xib */ = {isa = PBXFileReference; lastKnownFileType = file.xib; path = NoteTableViewCell.xib; sourceTree = "<group>"; };
		C30AB88A292FB54B00E3FA36 /* EpisodeCharactersPopUpView.swift */ = {isa = PBXFileReference; lastKnownFileType = sourcecode.swift; path = EpisodeCharactersPopUpView.swift; sourceTree = "<group>"; };
		C30AB88C292FB55600E3FA36 /* EpisodeCharactersPopUpView.xib */ = {isa = PBXFileReference; lastKnownFileType = file.xib; path = EpisodeCharactersPopUpView.xib; sourceTree = "<group>"; };
		C31D520A292E0F6C00F59801 /* CharacterTableViewCell.swift */ = {isa = PBXFileReference; lastKnownFileType = sourcecode.swift; path = CharacterTableViewCell.swift; sourceTree = "<group>"; };
		C31D520B292E0F6C00F59801 /* CharacterTableViewCell.xib */ = {isa = PBXFileReference; lastKnownFileType = file.xib; path = CharacterTableViewCell.xib; sourceTree = "<group>"; };
		C31D5214292E284400F59801 /* CharacterDetailModel.swift */ = {isa = PBXFileReference; lastKnownFileType = sourcecode.swift; path = CharacterDetailModel.swift; sourceTree = "<group>"; };
		C329E29E292DE94300E0208B /* EpisodeModelUtility.swift */ = {isa = PBXFileReference; lastKnownFileType = sourcecode.swift; path = EpisodeModelUtility.swift; sourceTree = "<group>"; };
		C329E2A0292DF8EC00E0208B /* EpisodeCharactersViewController.swift */ = {isa = PBXFileReference; lastKnownFileType = sourcecode.swift; path = EpisodeCharactersViewController.swift; sourceTree = "<group>"; };
		C329E2A6292E019700E0208B /* EpisodeListViewControllerProtocol.swift */ = {isa = PBXFileReference; lastKnownFileType = sourcecode.swift; path = EpisodeListViewControllerProtocol.swift; sourceTree = "<group>"; };
		C3320D7F292D1877002A32AA /* BreakingBad.app */ = {isa = PBXFileReference; explicitFileType = wrapper.application; includeInIndex = 0; path = BreakingBad.app; sourceTree = BUILT_PRODUCTS_DIR; };
		C3320D82292D1877002A32AA /* AppDelegate.swift */ = {isa = PBXFileReference; lastKnownFileType = sourcecode.swift; path = AppDelegate.swift; sourceTree = "<group>"; };
		C3320D84292D1877002A32AA /* SceneDelegate.swift */ = {isa = PBXFileReference; lastKnownFileType = sourcecode.swift; path = SceneDelegate.swift; sourceTree = "<group>"; };
		C3320D89292D1877002A32AA /* Base */ = {isa = PBXFileReference; lastKnownFileType = file.storyboard; name = Base; path = Base.lproj/Main.storyboard; sourceTree = "<group>"; };
		C3320D8B292D1878002A32AA /* Assets.xcassets */ = {isa = PBXFileReference; lastKnownFileType = folder.assetcatalog; path = Assets.xcassets; sourceTree = "<group>"; };
		C3320D8E292D1878002A32AA /* Base */ = {isa = PBXFileReference; lastKnownFileType = file.storyboard; name = Base; path = Base.lproj/LaunchScreen.storyboard; sourceTree = "<group>"; };
		C3320D90292D1878002A32AA /* Info.plist */ = {isa = PBXFileReference; lastKnownFileType = text.plist.xml; path = Info.plist; sourceTree = "<group>"; };
		C3320D9B292D216A002A32AA /* BaseViewController.swift */ = {isa = PBXFileReference; lastKnownFileType = sourcecode.swift; path = BaseViewController.swift; sourceTree = "<group>"; };
		C3320DA3292D275E002A32AA /* Client.swift */ = {isa = PBXFileReference; lastKnownFileType = sourcecode.swift; path = Client.swift; sourceTree = "<group>"; };
		C3320DA7292D2A74002A32AA /* CharacterModel.swift */ = {isa = PBXFileReference; lastKnownFileType = sourcecode.swift; path = CharacterModel.swift; sourceTree = "<group>"; };
		C3320DA9292D32C0002A32AA /* CharactersCollectionViewController.swift */ = {isa = PBXFileReference; lastKnownFileType = sourcecode.swift; path = CharactersCollectionViewController.swift; sourceTree = "<group>"; };
		C3320DAD292D4A25002A32AA /* CharacterQuoteModel.swift */ = {isa = PBXFileReference; lastKnownFileType = sourcecode.swift; path = CharacterQuoteModel.swift; sourceTree = "<group>"; };
		C3320DAF292D4CBA002A32AA /* EpisodeModel.swift */ = {isa = PBXFileReference; lastKnownFileType = sourcecode.swift; path = EpisodeModel.swift; sourceTree = "<group>"; };
		C3320DB1292D4FFA002A32AA /* EpisodeListViewController.swift */ = {isa = PBXFileReference; lastKnownFileType = sourcecode.swift; path = EpisodeListViewController.swift; sourceTree = "<group>"; };
		C3320DB3292D504D002A32AA /* IMDBPageViewController.swift */ = {isa = PBXFileReference; lastKnownFileType = sourcecode.swift; path = IMDBPageViewController.swift; sourceTree = "<group>"; };
		C398330A292E55FD00C7C23B /* CharacterDetailViewController.swift */ = {isa = PBXFileReference; lastKnownFileType = sourcecode.swift; path = CharacterDetailViewController.swift; sourceTree = "<group>"; };
		C398330D292E727300C7C23B /* CharacterQuotesViewController.swift */ = {isa = PBXFileReference; lastKnownFileType = sourcecode.swift; path = CharacterQuotesViewController.swift; sourceTree = "<group>"; };
		C3E85F55292E44F60060E551 /* CharacterCollectionViewCell.swift */ = {isa = PBXFileReference; lastKnownFileType = sourcecode.swift; path = CharacterCollectionViewCell.swift; sourceTree = "<group>"; };
		C3E85F58292E4E380060E551 /* UIExtensions.swift */ = {isa = PBXFileReference; lastKnownFileType = sourcecode.swift; path = UIExtensions.swift; sourceTree = "<group>"; };
/* End PBXFileReference section */

/* Begin PBXFrameworksBuildPhase section */
		C3320D7C292D1877002A32AA /* Frameworks */ = {
			isa = PBXFrameworksBuildPhase;
			buildActionMask = 2147483647;
			files = (
				C31D5210292E196500F59801 /* SDWebImage in Frameworks */,
				C3320DA2292D21C1002A32AA /* SwiftAlertView in Frameworks */,
				C3320D9F292D21A7002A32AA /* MaterialActivityIndicator in Frameworks */,
			);
			runOnlyForDeploymentPostprocessing = 0;
		};
/* End PBXFrameworksBuildPhase section */

/* Begin PBXGroup section */
		C30902292934C58C0029B36F /* Managers */ = {
			isa = PBXGroup;
			children = (
				C309022A2934C5AC0029B36F /* CoreDataManager.swift */,
			);
			path = Managers;
			sourceTree = "<group>";
		};
		C309022C2934CE930029B36F /* NoteTabControllers */ = {
			isa = PBXGroup;
			children = (
				C309022D2934CED30029B36F /* NoteListViewController.swift */,
				C309022F2934D4E60029B36F /* AddNoteViewController.swift */,
			);
			path = NoteTabControllers;
			sourceTree = "<group>";
		};
		C30AB887292FB4C200E3FA36 /* PopUpViews */ = {
			isa = PBXGroup;
			children = (
				C30AB88A292FB54B00E3FA36 /* EpisodeCharactersPopUpView.swift */,
				C30AB88C292FB55600E3FA36 /* EpisodeCharactersPopUpView.xib */,
			);
			path = PopUpViews;
			sourceTree = "<group>";
		};
		C31D5207292E0F2A00F59801 /* TableViewCells */ = {
			isa = PBXGroup;
			children = (
				C31D520A292E0F6C00F59801 /* CharacterTableViewCell.swift */,
				C31D520B292E0F6C00F59801 /* CharacterTableViewCell.xib */,
				C30902312934FC740029B36F /* NoteTableViewCell.swift */,
				C30902322934FC740029B36F /* NoteTableViewCell.xib */,
			);
			path = TableViewCells;
			sourceTree = "<group>";
		};
		C31D5216292E32F800F59801 /* TabBarControllers */ = {
			isa = PBXGroup;
			children = (
				C31D5217292E330300F59801 /* CharactersTabControllers */,
				C31D5218292E331600F59801 /* EpisodeTabControllers */,
				C31D5219292E332600F59801 /* ImdbTabControllers */,
				C309022C2934CE930029B36F /* NoteTabControllers */,
			);
			path = TabBarControllers;
			sourceTree = "<group>";
		};
		C31D5217292E330300F59801 /* CharactersTabControllers */ = {
			isa = PBXGroup;
			children = (
				C3320DA9292D32C0002A32AA /* CharactersCollectionViewController.swift */,
			);
			path = CharactersTabControllers;
			sourceTree = "<group>";
		};
		C31D5218292E331600F59801 /* EpisodeTabControllers */ = {
			isa = PBXGroup;
			children = (
				C3320DB1292D4FFA002A32AA /* EpisodeListViewController.swift */,
				C329E2A0292DF8EC00E0208B /* EpisodeCharactersViewController.swift */,
			);
			path = EpisodeTabControllers;
			sourceTree = "<group>";
		};
		C31D5219292E332600F59801 /* ImdbTabControllers */ = {
			isa = PBXGroup;
			children = (
				C3320DB3292D504D002A32AA /* IMDBPageViewController.swift */,
			);
			path = ImdbTabControllers;
			sourceTree = "<group>";
		};
		C329E29B292DE8D000E0208B /* Utilities */ = {
			isa = PBXGroup;
			children = (
				C30902292934C58C0029B36F /* Managers */,
				C3E85F57292E4E200060E551 /* UIExtensions */,
				C329E29C292DE90600E0208B /* ModelUtilities */,
			);
			path = Utilities;
			sourceTree = "<group>";
		};
		C329E29C292DE90600E0208B /* ModelUtilities */ = {
			isa = PBXGroup;
			children = (
				C329E29D292DE91100E0208B /* ApiModelUtilities */,
			);
			path = ModelUtilities;
			sourceTree = "<group>";
		};
		C329E29D292DE91100E0208B /* ApiModelUtilities */ = {
			isa = PBXGroup;
			children = (
				C329E29E292DE94300E0208B /* EpisodeModelUtility.swift */,
			);
			path = ApiModelUtilities;
			sourceTree = "<group>";
		};
		C329E2A2292E009900E0208B /* Protocols */ = {
			isa = PBXGroup;
			children = (
				C329E2A3292E00B000E0208B /* ControllerProtocols */,
			);
			path = Protocols;
			sourceTree = "<group>";
		};
		C329E2A3292E00B000E0208B /* ControllerProtocols */ = {
			isa = PBXGroup;
			children = (
				C329E2A6292E019700E0208B /* EpisodeListViewControllerProtocol.swift */,
			);
			path = ControllerProtocols;
			sourceTree = "<group>";
		};
		C3320D76292D1877002A32AA = {
			isa = PBXGroup;
			children = (
				C3320D81292D1877002A32AA /* BreakingBad */,
				C3320D80292D1877002A32AA /* Products */,
			);
			sourceTree = "<group>";
		};
		C3320D80292D1877002A32AA /* Products */ = {
			isa = PBXGroup;
			children = (
				C3320D7F292D1877002A32AA /* BreakingBad.app */,
			);
			name = Products;
			sourceTree = "<group>";
		};
		C3320D81292D1877002A32AA /* BreakingBad */ = {
			isa = PBXGroup;
			children = (
				C3320D96292D1B31002A32AA /* App */,
				C3320D99292D1B48002A32AA /* Service */,
				C329E29B292DE8D000E0208B /* Utilities */,
				C3320D97292D1B37002A32AA /* Controllers */,
				C3320D98292D1B3F002A32AA /* Models */,
				C3320D9A292D1B50002A32AA /* Views */,
				C3320D90292D1878002A32AA /* Info.plist */,
				C30902262934C4AE0029B36F /* BreakingBad.xcdatamodeld */,
			);
			path = BreakingBad;
			sourceTree = "<group>";
		};
		C3320D96292D1B31002A32AA /* App */ = {
			isa = PBXGroup;
			children = (
				C3320D82292D1877002A32AA /* AppDelegate.swift */,
				C3320D84292D1877002A32AA /* SceneDelegate.swift */,
				C3320D88292D1877002A32AA /* Main.storyboard */,
				C3320D8B292D1878002A32AA /* Assets.xcassets */,
				C3320D8D292D1878002A32AA /* LaunchScreen.storyboard */,
			);
			path = App;
			sourceTree = "<group>";
		};
		C3320D97292D1B37002A32AA /* Controllers */ = {
			isa = PBXGroup;
			children = (
				C3320D9B292D216A002A32AA /* BaseViewController.swift */,
				C31D5216292E32F800F59801 /* TabBarControllers */,
				C3983309292E55C900C7C23B /* ViewControllers */,
			);
			path = Controllers;
			sourceTree = "<group>";
		};
		C3320D98292D1B3F002A32AA /* Models */ = {
			isa = PBXGroup;
			children = (
				C3320DB5292D519C002A32AA /* ApiModels */,
				C329E2A2292E009900E0208B /* Protocols */,
			);
			path = Models;
			sourceTree = "<group>";
		};
		C3320D99292D1B48002A32AA /* Service */ = {
			isa = PBXGroup;
			children = (
				C3320DA3292D275E002A32AA /* Client.swift */,
			);
			path = Service;
			sourceTree = "<group>";
		};
		C3320D9A292D1B50002A32AA /* Views */ = {
			isa = PBXGroup;
			children = (
				C30AB887292FB4C200E3FA36 /* PopUpViews */,
				C3E85F54292E44D20060E551 /* CollectionViewCells */,
				C31D5207292E0F2A00F59801 /* TableViewCells */,
			);
			path = Views;
			sourceTree = "<group>";
		};
		C3320DB5292D519C002A32AA /* ApiModels */ = {
			isa = PBXGroup;
			children = (
				C3320DA7292D2A74002A32AA /* CharacterModel.swift */,
				C3320DAD292D4A25002A32AA /* CharacterQuoteModel.swift */,
				C3320DAF292D4CBA002A32AA /* EpisodeModel.swift */,
				C31D5214292E284400F59801 /* CharacterDetailModel.swift */,
			);
			path = ApiModels;
			sourceTree = "<group>";
		};
		C3983309292E55C900C7C23B /* ViewControllers */ = {
			isa = PBXGroup;
			children = (
				C398330A292E55FD00C7C23B /* CharacterDetailViewController.swift */,
				C398330D292E727300C7C23B /* CharacterQuotesViewController.swift */,
			);
			path = ViewControllers;
			sourceTree = "<group>";
		};
		C3E85F54292E44D20060E551 /* CollectionViewCells */ = {
			isa = PBXGroup;
			children = (
				C3E85F55292E44F60060E551 /* CharacterCollectionViewCell.swift */,
			);
			path = CollectionViewCells;
			sourceTree = "<group>";
		};
		C3E85F57292E4E200060E551 /* UIExtensions */ = {
			isa = PBXGroup;
			children = (
				C3E85F58292E4E380060E551 /* UIExtensions.swift */,
			);
			path = UIExtensions;
			sourceTree = "<group>";
		};
/* End PBXGroup section */

/* Begin PBXNativeTarget section */
		C3320D7E292D1877002A32AA /* BreakingBad */ = {
			isa = PBXNativeTarget;
			buildConfigurationList = C3320D93292D1878002A32AA /* Build configuration list for PBXNativeTarget "BreakingBad" */;
			buildPhases = (
				C3320D7B292D1877002A32AA /* Sources */,
				C3320D7C292D1877002A32AA /* Frameworks */,
				C3320D7D292D1877002A32AA /* Resources */,
			);
			buildRules = (
			);
			dependencies = (
			);
			name = BreakingBad;
			packageProductDependencies = (
				C3320D9E292D21A7002A32AA /* MaterialActivityIndicator */,
				C3320DA1292D21C1002A32AA /* SwiftAlertView */,
				C31D520F292E196500F59801 /* SDWebImage */,
			);
			productName = BreakingBad;
			productReference = C3320D7F292D1877002A32AA /* BreakingBad.app */;
			productType = "com.apple.product-type.application";
		};
/* End PBXNativeTarget section */

/* Begin PBXProject section */
		C3320D77292D1877002A32AA /* Project object */ = {
			isa = PBXProject;
			attributes = {
				BuildIndependentTargetsInParallel = 1;
				LastSwiftUpdateCheck = 1410;
				LastUpgradeCheck = 1410;
				TargetAttributes = {
					C3320D7E292D1877002A32AA = {
						CreatedOnToolsVersion = 14.1;
					};
				};
			};
			buildConfigurationList = C3320D7A292D1877002A32AA /* Build configuration list for PBXProject "BreakingBad" */;
			compatibilityVersion = "Xcode 14.0";
			developmentRegion = en;
			hasScannedForEncodings = 0;
			knownRegions = (
				en,
				Base,
			);
			mainGroup = C3320D76292D1877002A32AA;
			packageReferences = (
				C3320D9D292D21A7002A32AA /* XCRemoteSwiftPackageReference "MaterialActivityIndicator" */,
				C3320DA0292D21C1002A32AA /* XCRemoteSwiftPackageReference "SwiftAlertView" */,
				C31D520E292E196500F59801 /* XCRemoteSwiftPackageReference "SDWebImage" */,
			);
			productRefGroup = C3320D80292D1877002A32AA /* Products */;
			projectDirPath = "";
			projectRoot = "";
			targets = (
				C3320D7E292D1877002A32AA /* BreakingBad */,
			);
		};
/* End PBXProject section */

/* Begin PBXResourcesBuildPhase section */
		C3320D7D292D1877002A32AA /* Resources */ = {
			isa = PBXResourcesBuildPhase;
			buildActionMask = 2147483647;
			files = (
				C30AB88D292FB55600E3FA36 /* EpisodeCharactersPopUpView.xib in Resources */,
				C3320D8F292D1878002A32AA /* LaunchScreen.storyboard in Resources */,
				C3320D8C292D1878002A32AA /* Assets.xcassets in Resources */,
				C30902342934FC740029B36F /* NoteTableViewCell.xib in Resources */,
				C3320D8A292D1877002A32AA /* Main.storyboard in Resources */,
				C31D520D292E0F6C00F59801 /* CharacterTableViewCell.xib in Resources */,
			);
			runOnlyForDeploymentPostprocessing = 0;
		};
/* End PBXResourcesBuildPhase section */

/* Begin PBXSourcesBuildPhase section */
		C3320D7B292D1877002A32AA /* Sources */ = {
			isa = PBXSourcesBuildPhase;
			buildActionMask = 2147483647;
			files = (
				C3E85F56292E44F60060E551 /* CharacterCollectionViewCell.swift in Sources */,
				C3320DAA292D32C0002A32AA /* CharactersCollectionViewController.swift in Sources */,
				C31D5215292E284400F59801 /* CharacterDetailModel.swift in Sources */,
				C31D520C292E0F6C00F59801 /* CharacterTableViewCell.swift in Sources */,
				C3320DAE292D4A25002A32AA /* CharacterQuoteModel.swift in Sources */,
				C30902282934C4AE0029B36F /* BreakingBad.xcdatamodeld in Sources */,
				C3320D83292D1877002A32AA /* AppDelegate.swift in Sources */,
				C30AB88B292FB54B00E3FA36 /* EpisodeCharactersPopUpView.swift in Sources */,
				C3320D85292D1877002A32AA /* SceneDelegate.swift in Sources */,
				C398330B292E55FD00C7C23B /* CharacterDetailViewController.swift in Sources */,
				C309022B2934C5AC0029B36F /* CoreDataManager.swift in Sources */,
				C3320DA4292D275E002A32AA /* Client.swift in Sources */,
				C329E2A7292E019700E0208B /* EpisodeListViewControllerProtocol.swift in Sources */,
				C30902332934FC740029B36F /* NoteTableViewCell.swift in Sources */,
				C398330E292E727300C7C23B /* CharacterQuotesViewController.swift in Sources */,
				C329E2A1292DF8EC00E0208B /* EpisodeCharactersViewController.swift in Sources */,
				C3320DA8292D2A74002A32AA /* CharacterModel.swift in Sources */,
				C329E29F292DE94300E0208B /* EpisodeModelUtility.swift in Sources */,
				C309022E2934CED30029B36F /* NoteListViewController.swift in Sources */,
				C3320DB2292D4FFA002A32AA /* EpisodeListViewController.swift in Sources */,
				C3320DB4292D504D002A32AA /* IMDBPageViewController.swift in Sources */,
				C30902302934D4E60029B36F /* AddNoteViewController.swift in Sources */,
				C3E85F59292E4E380060E551 /* UIExtensions.swift in Sources */,
				C3320D9C292D216A002A32AA /* BaseViewController.swift in Sources */,
				C3320DB0292D4CBA002A32AA /* EpisodeModel.swift in Sources */,
			);
			runOnlyForDeploymentPostprocessing = 0;
		};
/* End PBXSourcesBuildPhase section */

/* Begin PBXVariantGroup section */
		C3320D88292D1877002A32AA /* Main.storyboard */ = {
			isa = PBXVariantGroup;
			children = (
				C3320D89292D1877002A32AA /* Base */,
			);
			name = Main.storyboard;
			sourceTree = "<group>";
		};
		C3320D8D292D1878002A32AA /* LaunchScreen.storyboard */ = {
			isa = PBXVariantGroup;
			children = (
				C3320D8E292D1878002A32AA /* Base */,
			);
			name = LaunchScreen.storyboard;
			sourceTree = "<group>";
		};
/* End PBXVariantGroup section */

/* Begin XCBuildConfiguration section */
		C3320D91292D1878002A32AA /* Debug */ = {
			isa = XCBuildConfiguration;
			buildSettings = {
				ALWAYS_SEARCH_USER_PATHS = NO;
				CLANG_ANALYZER_NONNULL = YES;
				CLANG_ANALYZER_NUMBER_OBJECT_CONVERSION = YES_AGGRESSIVE;
				CLANG_CXX_LANGUAGE_STANDARD = "gnu++20";
				CLANG_ENABLE_MODULES = YES;
				CLANG_ENABLE_OBJC_ARC = YES;
				CLANG_ENABLE_OBJC_WEAK = YES;
				CLANG_WARN_BLOCK_CAPTURE_AUTORELEASING = YES;
				CLANG_WARN_BOOL_CONVERSION = YES;
				CLANG_WARN_COMMA = YES;
				CLANG_WARN_CONSTANT_CONVERSION = YES;
				CLANG_WARN_DEPRECATED_OBJC_IMPLEMENTATIONS = YES;
				CLANG_WARN_DIRECT_OBJC_ISA_USAGE = YES_ERROR;
				CLANG_WARN_DOCUMENTATION_COMMENTS = YES;
				CLANG_WARN_EMPTY_BODY = YES;
				CLANG_WARN_ENUM_CONVERSION = YES;
				CLANG_WARN_INFINITE_RECURSION = YES;
				CLANG_WARN_INT_CONVERSION = YES;
				CLANG_WARN_NON_LITERAL_NULL_CONVERSION = YES;
				CLANG_WARN_OBJC_IMPLICIT_RETAIN_SELF = YES;
				CLANG_WARN_OBJC_LITERAL_CONVERSION = YES;
				CLANG_WARN_OBJC_ROOT_CLASS = YES_ERROR;
				CLANG_WARN_QUOTED_INCLUDE_IN_FRAMEWORK_HEADER = YES;
				CLANG_WARN_RANGE_LOOP_ANALYSIS = YES;
				CLANG_WARN_STRICT_PROTOTYPES = YES;
				CLANG_WARN_SUSPICIOUS_MOVE = YES;
				CLANG_WARN_UNGUARDED_AVAILABILITY = YES_AGGRESSIVE;
				CLANG_WARN_UNREACHABLE_CODE = YES;
				CLANG_WARN__DUPLICATE_METHOD_MATCH = YES;
				COPY_PHASE_STRIP = NO;
				DEBUG_INFORMATION_FORMAT = dwarf;
				ENABLE_STRICT_OBJC_MSGSEND = YES;
				ENABLE_TESTABILITY = YES;
				GCC_C_LANGUAGE_STANDARD = gnu11;
				GCC_DYNAMIC_NO_PIC = NO;
				GCC_NO_COMMON_BLOCKS = YES;
				GCC_OPTIMIZATION_LEVEL = 0;
				GCC_PREPROCESSOR_DEFINITIONS = (
					"DEBUG=1",
					"$(inherited)",
				);
				GCC_WARN_64_TO_32_BIT_CONVERSION = YES;
				GCC_WARN_ABOUT_RETURN_TYPE = YES_ERROR;
				GCC_WARN_UNDECLARED_SELECTOR = YES;
				GCC_WARN_UNINITIALIZED_AUTOS = YES_AGGRESSIVE;
				GCC_WARN_UNUSED_FUNCTION = YES;
				GCC_WARN_UNUSED_VARIABLE = YES;
				IPHONEOS_DEPLOYMENT_TARGET = 16.1;
				MTL_ENABLE_DEBUG_INFO = INCLUDE_SOURCE;
				MTL_FAST_MATH = YES;
				ONLY_ACTIVE_ARCH = YES;
				SDKROOT = iphoneos;
				SWIFT_ACTIVE_COMPILATION_CONDITIONS = DEBUG;
				SWIFT_OPTIMIZATION_LEVEL = "-Onone";
			};
			name = Debug;
		};
		C3320D92292D1878002A32AA /* Release */ = {
			isa = XCBuildConfiguration;
			buildSettings = {
				ALWAYS_SEARCH_USER_PATHS = NO;
				CLANG_ANALYZER_NONNULL = YES;
				CLANG_ANALYZER_NUMBER_OBJECT_CONVERSION = YES_AGGRESSIVE;
				CLANG_CXX_LANGUAGE_STANDARD = "gnu++20";
				CLANG_ENABLE_MODULES = YES;
				CLANG_ENABLE_OBJC_ARC = YES;
				CLANG_ENABLE_OBJC_WEAK = YES;
				CLANG_WARN_BLOCK_CAPTURE_AUTORELEASING = YES;
				CLANG_WARN_BOOL_CONVERSION = YES;
				CLANG_WARN_COMMA = YES;
				CLANG_WARN_CONSTANT_CONVERSION = YES;
				CLANG_WARN_DEPRECATED_OBJC_IMPLEMENTATIONS = YES;
				CLANG_WARN_DIRECT_OBJC_ISA_USAGE = YES_ERROR;
				CLANG_WARN_DOCUMENTATION_COMMENTS = YES;
				CLANG_WARN_EMPTY_BODY = YES;
				CLANG_WARN_ENUM_CONVERSION = YES;
				CLANG_WARN_INFINITE_RECURSION = YES;
				CLANG_WARN_INT_CONVERSION = YES;
				CLANG_WARN_NON_LITERAL_NULL_CONVERSION = YES;
				CLANG_WARN_OBJC_IMPLICIT_RETAIN_SELF = YES;
				CLANG_WARN_OBJC_LITERAL_CONVERSION = YES;
				CLANG_WARN_OBJC_ROOT_CLASS = YES_ERROR;
				CLANG_WARN_QUOTED_INCLUDE_IN_FRAMEWORK_HEADER = YES;
				CLANG_WARN_RANGE_LOOP_ANALYSIS = YES;
				CLANG_WARN_STRICT_PROTOTYPES = YES;
				CLANG_WARN_SUSPICIOUS_MOVE = YES;
				CLANG_WARN_UNGUARDED_AVAILABILITY = YES_AGGRESSIVE;
				CLANG_WARN_UNREACHABLE_CODE = YES;
				CLANG_WARN__DUPLICATE_METHOD_MATCH = YES;
				COPY_PHASE_STRIP = NO;
				DEBUG_INFORMATION_FORMAT = "dwarf-with-dsym";
				ENABLE_NS_ASSERTIONS = NO;
				ENABLE_STRICT_OBJC_MSGSEND = YES;
				GCC_C_LANGUAGE_STANDARD = gnu11;
				GCC_NO_COMMON_BLOCKS = YES;
				GCC_WARN_64_TO_32_BIT_CONVERSION = YES;
				GCC_WARN_ABOUT_RETURN_TYPE = YES_ERROR;
				GCC_WARN_UNDECLARED_SELECTOR = YES;
				GCC_WARN_UNINITIALIZED_AUTOS = YES_AGGRESSIVE;
				GCC_WARN_UNUSED_FUNCTION = YES;
				GCC_WARN_UNUSED_VARIABLE = YES;
				IPHONEOS_DEPLOYMENT_TARGET = 16.1;
				MTL_ENABLE_DEBUG_INFO = NO;
				MTL_FAST_MATH = YES;
				SDKROOT = iphoneos;
				SWIFT_COMPILATION_MODE = wholemodule;
				SWIFT_OPTIMIZATION_LEVEL = "-O";
				VALIDATE_PRODUCT = YES;
			};
			name = Release;
		};
		C3320D94292D1878002A32AA /* Debug */ = {
			isa = XCBuildConfiguration;
			buildSettings = {
				ASSETCATALOG_COMPILER_APPICON_NAME = AppIcon;
				ASSETCATALOG_COMPILER_GLOBAL_ACCENT_COLOR_NAME = AccentColor;
				CODE_SIGN_STYLE = Automatic;
				CURRENT_PROJECT_VERSION = 1;
				DEVELOPMENT_TEAM = DP7QQJ422M;
				GENERATE_INFOPLIST_FILE = YES;
				INFOPLIST_FILE = BreakingBad/Info.plist;
				INFOPLIST_KEY_UIApplicationSupportsIndirectInputEvents = YES;
				INFOPLIST_KEY_UILaunchStoryboardName = LaunchScreen;
				INFOPLIST_KEY_UIMainStoryboardFile = Main;
				INFOPLIST_KEY_UISupportedInterfaceOrientations_iPad = "UIInterfaceOrientationPortrait UIInterfaceOrientationPortraitUpsideDown UIInterfaceOrientationLandscapeLeft UIInterfaceOrientationLandscapeRight";
				INFOPLIST_KEY_UISupportedInterfaceOrientations_iPhone = "UIInterfaceOrientationPortrait UIInterfaceOrientationLandscapeLeft UIInterfaceOrientationLandscapeRight";
				LD_RUNPATH_SEARCH_PATHS = (
					"$(inherited)",
					"@executable_path/Frameworks",
				);
				MARKETING_VERSION = 1.0;
				PRODUCT_BUNDLE_IDENTIFIER = com.alihankuzucuk.BreakingBad;
				PRODUCT_NAME = "$(TARGET_NAME)";
				SWIFT_EMIT_LOC_STRINGS = YES;
				SWIFT_VERSION = 5.0;
				TARGETED_DEVICE_FAMILY = "1,2";
			};
			name = Debug;
		};
		C3320D95292D1878002A32AA /* Release */ = {
			isa = XCBuildConfiguration;
			buildSettings = {
				ASSETCATALOG_COMPILER_APPICON_NAME = AppIcon;
				ASSETCATALOG_COMPILER_GLOBAL_ACCENT_COLOR_NAME = AccentColor;
				CODE_SIGN_STYLE = Automatic;
				CURRENT_PROJECT_VERSION = 1;
				DEVELOPMENT_TEAM = DP7QQJ422M;
				GENERATE_INFOPLIST_FILE = YES;
				INFOPLIST_FILE = BreakingBad/Info.plist;
				INFOPLIST_KEY_UIApplicationSupportsIndirectInputEvents = YES;
				INFOPLIST_KEY_UILaunchStoryboardName = LaunchScreen;
				INFOPLIST_KEY_UIMainStoryboardFile = Main;
				INFOPLIST_KEY_UISupportedInterfaceOrientations_iPad = "UIInterfaceOrientationPortrait UIInterfaceOrientationPortraitUpsideDown UIInterfaceOrientationLandscapeLeft UIInterfaceOrientationLandscapeRight";
				INFOPLIST_KEY_UISupportedInterfaceOrientations_iPhone = "UIInterfaceOrientationPortrait UIInterfaceOrientationLandscapeLeft UIInterfaceOrientationLandscapeRight";
				LD_RUNPATH_SEARCH_PATHS = (
					"$(inherited)",
					"@executable_path/Frameworks",
				);
				MARKETING_VERSION = 1.0;
				PRODUCT_BUNDLE_IDENTIFIER = com.alihankuzucuk.BreakingBad;
				PRODUCT_NAME = "$(TARGET_NAME)";
				SWIFT_EMIT_LOC_STRINGS = YES;
				SWIFT_VERSION = 5.0;
				TARGETED_DEVICE_FAMILY = "1,2";
			};
			name = Release;
		};
/* End XCBuildConfiguration section */

/* Begin XCConfigurationList section */
		C3320D7A292D1877002A32AA /* Build configuration list for PBXProject "BreakingBad" */ = {
			isa = XCConfigurationList;
			buildConfigurations = (
				C3320D91292D1878002A32AA /* Debug */,
				C3320D92292D1878002A32AA /* Release */,
			);
			defaultConfigurationIsVisible = 0;
			defaultConfigurationName = Release;
		};
		C3320D93292D1878002A32AA /* Build configuration list for PBXNativeTarget "BreakingBad" */ = {
			isa = XCConfigurationList;
			buildConfigurations = (
				C3320D94292D1878002A32AA /* Debug */,
				C3320D95292D1878002A32AA /* Release */,
			);
			defaultConfigurationIsVisible = 0;
			defaultConfigurationName = Release;
		};
/* End XCConfigurationList section */

/* Begin XCRemoteSwiftPackageReference section */
		C31D520E292E196500F59801 /* XCRemoteSwiftPackageReference "SDWebImage" */ = {
			isa = XCRemoteSwiftPackageReference;
			repositoryURL = "https://github.com/SDWebImage/SDWebImage";
			requirement = {
				kind = upToNextMajorVersion;
				minimumVersion = 5.0.0;
			};
		};
		C3320D9D292D21A7002A32AA /* XCRemoteSwiftPackageReference "MaterialActivityIndicator" */ = {
			isa = XCRemoteSwiftPackageReference;
			repositoryURL = "https://github.com/nspavlo/MaterialActivityIndicator";
			requirement = {
				kind = upToNextMajorVersion;
				minimumVersion = 0.0.7;
			};
		};
		C3320DA0292D21C1002A32AA /* XCRemoteSwiftPackageReference "SwiftAlertView" */ = {
			isa = XCRemoteSwiftPackageReference;
			repositoryURL = "https://github.com/dinhquan/SwiftAlertView";
			requirement = {
				kind = upToNextMajorVersion;
				minimumVersion = 2.0.0;
			};
		};
/* End XCRemoteSwiftPackageReference section */

/* Begin XCSwiftPackageProductDependency section */
		C31D520F292E196500F59801 /* SDWebImage */ = {
			isa = XCSwiftPackageProductDependency;
			package = C31D520E292E196500F59801 /* XCRemoteSwiftPackageReference "SDWebImage" */;
			productName = SDWebImage;
		};
		C3320D9E292D21A7002A32AA /* MaterialActivityIndicator */ = {
			isa = XCSwiftPackageProductDependency;
			package = C3320D9D292D21A7002A32AA /* XCRemoteSwiftPackageReference "MaterialActivityIndicator" */;
			productName = MaterialActivityIndicator;
		};
		C3320DA1292D21C1002A32AA /* SwiftAlertView */ = {
			isa = XCSwiftPackageProductDependency;
			package = C3320DA0292D21C1002A32AA /* XCRemoteSwiftPackageReference "SwiftAlertView" */;
			productName = SwiftAlertView;
		};
/* End XCSwiftPackageProductDependency section */

/* Begin XCVersionGroup section */
		C30902262934C4AE0029B36F /* BreakingBad.xcdatamodeld */ = {
			isa = XCVersionGroup;
			children = (
				C30902272934C4AE0029B36F /* BreakingBad.xcdatamodel */,
			);
			currentVersion = C30902272934C4AE0029B36F /* BreakingBad.xcdatamodel */;
			path = BreakingBad.xcdatamodeld;
			sourceTree = "<group>";
			versionGroupType = wrapper.xcdatamodel;
		};
/* End XCVersionGroup section */
	};
	rootObject = C3320D77292D1877002A32AA /* Project object */;
}
